
Microsoft Visual Studio Solution File, Format Version 12.00
# Visual Studio 15
VisualStudioVersion = 15.0.27703.2035
MinimumVisualStudioVersion = 10.0.40219.1
Project("{FAE04EC0-301F-11D3-BF4B-00C04F79EFBC}") = "12x12console", "12x12console\12x12console.csproj", "{704D555C-1493-410E-B9E7-A03EA81920EB}"
EndProject
Global
	GlobalSection(SolutionConfigurationPlatforms) = preSolution
		Debug|Any CPU = Debug|Any CPU
		Release|Any CPU = Release|Any CPU
	EndGlobalSection
	GlobalSection(ProjectConfigurationPlatforms) = postSolution
		{704D555C-1493-410E-B9E7-A03EA81920EB}.Debug|Any CPU.ActiveCfg = Debug|Any CPU
		{704D555C-1493-410E-B9E7-A03EA81920EB}.Debug|Any CPU.Build.0 = Debug|Any CPU
		{704D555C-1493-410E-B9E7-A03EA81920EB}.Release|Any CPU.ActiveCfg = Release|Any CPU
		{704D555C-1493-410E-B9E7-A03EA81920EB}.Release|Any CPU.Build.0 = Release|Any CPU
	EndGlobalSection
	GlobalSection(SolutionProperties) = preSolution
		HideSolutionNode = FALSE
	EndGlobalSection
	GlobalSection(ExtensibilityGlobals) = postSolution
		SolutionGuid = {91C50FB4-1BEF-4B10-926F-767DB4E5C105}
	EndGlobalSection
EndGlobal
